
Microsoft Visual Studio Solution File, Format Version 12.00
# Visual Studio Version 17
VisualStudioVersion = 17.5.33516.290
MinimumVisualStudioVersion = 10.0.40219.1
Project("{FAE04EC0-301F-11D3-BF4B-00C04F79EFBC}") = "HelloCSharp", "Chapter-01\HelloCSharp\HelloCSharp.csproj", "{F4CB5317-3D31-4F28-AA3D-007830402937}"
EndProject
Global
	GlobalSection(SolutionConfigurationPlatforms) = preSolution
		Debug|Any CPU = Debug|Any CPU
		Release|Any CPU = Release|Any CPU
	EndGlobalSection
	GlobalSection(ProjectConfigurationPlatforms) = postSolution
		{F4CB5317-3D31-4F28-AA3D-007830402937}.Debug|Any CPU.ActiveCfg = Debug|Any CPU
		{F4CB5317-3D31-4F28-AA3D-007830402937}.Debug|Any CPU.Build.0 = Debug|Any CPU
		{F4CB5317-3D31-4F28-AA3D-007830402937}.Release|Any CPU.ActiveCfg = Release|Any CPU
		{F4CB5317-3D31-4F28-AA3D-007830402937}.Release|Any CPU.Build.0 = Release|Any CPU
	EndGlobalSection
	GlobalSection(SolutionProperties) = preSolution
		HideSolutionNode = FALSE
	EndGlobalSection
	GlobalSection(ExtensibilityGlobals) = postSolution
		SolutionGuid = {7FB0E61B-D02F-4B81-8F48-8A8F11B04F1D}
	EndGlobalSection
EndGlobal
