
Microsoft Visual Studio Solution File, Format Version 12.00
# Visual Studio Version 17
VisualStudioVersion = 17.5.33516.290
MinimumVisualStudioVersion = 10.0.40219.1
Project("{9A19103F-16F7-4668-BE54-9A1E7A4F7556}") = "HelloCSharp", "Chapter-01\HelloCSharp\HelloCSharp.csproj", "{F4CB5317-3D31-4F28-AA3D-007830402937}"
EndProject
Project("{9A19103F-16F7-4668-BE54-9A1E7A4F7556}") = "AboutMyEnvironment", "Chapter-01\AboutMyEnvironment\AboutMyEnvironment.csproj", "{18AE7D34-6193-438A-A00D-2CBD5BD66DA1}"
EndProject
Project("{2150E333-8FDC-42A3-9474-1A3956D46DE8}") = "Chapter-01", "Chapter-01", "{D1535E8E-5D5A-412E-A193-0F91612B9552}"
EndProject
Project("{9A19103F-16F7-4668-BE54-9A1E7A4F7556}") = "Vocabulary", "Chapter-02\Vocabulary\Vocabulary.csproj", "{1A2F271C-EB0E-490F-8254-6C7F6E5C927F}"
EndProject
Project("{2150E333-8FDC-42A3-9474-1A3956D46DE8}") = "Chapter-02", "Chapter-02", "{9C2CFC81-C0F1-4D82-8958-086B33FC6B57}"
EndProject
Project("{FAE04EC0-301F-11D3-BF4B-00C04F79EFBC}") = "Numbers", "Numbers\Numbers.csproj", "{A3063083-D260-4D2B-B597-61D5D2C05AFE}"
EndProject
Global
	GlobalSection(SolutionConfigurationPlatforms) = preSolution
		Debug|Any CPU = Debug|Any CPU
		Release|Any CPU = Release|Any CPU
	EndGlobalSection
	GlobalSection(ProjectConfigurationPlatforms) = postSolution
		{F4CB5317-3D31-4F28-AA3D-007830402937}.Debug|Any CPU.ActiveCfg = Debug|Any CPU
		{F4CB5317-3D31-4F28-AA3D-007830402937}.Debug|Any CPU.Build.0 = Debug|Any CPU
		{F4CB5317-3D31-4F28-AA3D-007830402937}.Release|Any CPU.ActiveCfg = Release|Any CPU
		{F4CB5317-3D31-4F28-AA3D-007830402937}.Release|Any CPU.Build.0 = Release|Any CPU
		{18AE7D34-6193-438A-A00D-2CBD5BD66DA1}.Debug|Any CPU.ActiveCfg = Debug|Any CPU
		{18AE7D34-6193-438A-A00D-2CBD5BD66DA1}.Debug|Any CPU.Build.0 = Debug|Any CPU
		{18AE7D34-6193-438A-A00D-2CBD5BD66DA1}.Release|Any CPU.ActiveCfg = Release|Any CPU
		{18AE7D34-6193-438A-A00D-2CBD5BD66DA1}.Release|Any CPU.Build.0 = Release|Any CPU
		{1A2F271C-EB0E-490F-8254-6C7F6E5C927F}.Debug|Any CPU.ActiveCfg = Debug|Any CPU
		{1A2F271C-EB0E-490F-8254-6C7F6E5C927F}.Debug|Any CPU.Build.0 = Debug|Any CPU
		{1A2F271C-EB0E-490F-8254-6C7F6E5C927F}.Release|Any CPU.ActiveCfg = Release|Any CPU
		{1A2F271C-EB0E-490F-8254-6C7F6E5C927F}.Release|Any CPU.Build.0 = Release|Any CPU
		{A3063083-D260-4D2B-B597-61D5D2C05AFE}.Debug|Any CPU.ActiveCfg = Debug|Any CPU
		{A3063083-D260-4D2B-B597-61D5D2C05AFE}.Debug|Any CPU.Build.0 = Debug|Any CPU
		{A3063083-D260-4D2B-B597-61D5D2C05AFE}.Release|Any CPU.ActiveCfg = Release|Any CPU
		{A3063083-D260-4D2B-B597-61D5D2C05AFE}.Release|Any CPU.Build.0 = Release|Any CPU
	EndGlobalSection
	GlobalSection(SolutionProperties) = preSolution
		HideSolutionNode = FALSE
	EndGlobalSection
	GlobalSection(NestedProjects) = preSolution
		{F4CB5317-3D31-4F28-AA3D-007830402937} = {D1535E8E-5D5A-412E-A193-0F91612B9552}
		{18AE7D34-6193-438A-A00D-2CBD5BD66DA1} = {D1535E8E-5D5A-412E-A193-0F91612B9552}
		{1A2F271C-EB0E-490F-8254-6C7F6E5C927F} = {9C2CFC81-C0F1-4D82-8958-086B33FC6B57}
		{A3063083-D260-4D2B-B597-61D5D2C05AFE} = {9C2CFC81-C0F1-4D82-8958-086B33FC6B57}
	EndGlobalSection
	GlobalSection(ExtensibilityGlobals) = postSolution
		SolutionGuid = {7FB0E61B-D02F-4B81-8F48-8A8F11B04F1D}
	EndGlobalSection
EndGlobal
