
Microsoft Visual Studio Solution File, Format Version 12.00
# Visual Studio Version 17
VisualStudioVersion = 17.5.33516.290
MinimumVisualStudioVersion = 10.0.40219.1
Project("{9A19103F-16F7-4668-BE54-9A1E7A4F7556}") = "HelloCSharp", "Chapter-01\HelloCSharp\HelloCSharp.csproj", "{F4CB5317-3D31-4F28-AA3D-007830402937}"
EndProject
Project("{9A19103F-16F7-4668-BE54-9A1E7A4F7556}") = "AboutMyEnvironment", "Chapter-01\AboutMyEnvironment\AboutMyEnvironment.csproj", "{18AE7D34-6193-438A-A00D-2CBD5BD66DA1}"
EndProject
Project("{2150E333-8FDC-42A3-9474-1A3956D46DE8}") = "Chapter-01", "Chapter-01", "{D1535E8E-5D5A-412E-A193-0F91612B9552}"
EndProject
Project("{9A19103F-16F7-4668-BE54-9A1E7A4F7556}") = "Vocabulary", "Chapter-02\Vocabulary\Vocabulary.csproj", "{1A2F271C-EB0E-490F-8254-6C7F6E5C927F}"
EndProject
Project("{2150E333-8FDC-42A3-9474-1A3956D46DE8}") = "Chapter-02", "Chapter-02", "{9C2CFC81-C0F1-4D82-8958-086B33FC6B57}"
EndProject
Project("{9A19103F-16F7-4668-BE54-9A1E7A4F7556}") = "Numbers", "Chapter-02\Numbers\Numbers.csproj", "{A3063083-D260-4D2B-B597-61D5D2C05AFE}"
EndProject
Project("{9A19103F-16F7-4668-BE54-9A1E7A4F7556}") = "Variables", "Chapter-02\Variables\Variables.csproj", "{1CA7F166-E109-4DFC-89A2-A683533190FD}"
EndProject
Project("{9A19103F-16F7-4668-BE54-9A1E7A4F7556}") = "Formatting", "Chapter-02\Formatting\Formatting.csproj", "{4F42E434-13D9-4754-8395-5ABE8803DFD2}"
EndProject
Project("{9A19103F-16F7-4668-BE54-9A1E7A4F7556}") = "Arguments", "Chapter-02\Arguments\Arguments.csproj", "{D67AA86F-3A5F-48A8-86E5-8C656A50F09F}"
EndProject
Project("{9A19103F-16F7-4668-BE54-9A1E7A4F7556}") = "HandlingPlatforms", "Chapter-02\HandlingPlatforms\HandlingPlatforms.csproj", "{7022C617-59DC-4168-ADD0-361223E57660}"
EndProject
Project("{9A19103F-16F7-4668-BE54-9A1E7A4F7556}") = "AsyncConsole", "Chapter-02\AsyncConsole\AsyncConsole.csproj", "{FBC734A4-C520-4F32-9E8F-6FF76D0E721E}"
EndProject
Project("{2150E333-8FDC-42A3-9474-1A3956D46DE8}") = "Challenges", "Challenges", "{F2A011CB-524B-4B42-8278-200799938859}"
EndProject
Project("{9A19103F-16F7-4668-BE54-9A1E7A4F7556}") = "NumberSizesAndRanges", "Challenges\NumberSizesAndRanges\NumberSizesAndRanges.csproj", "{B20448DD-AD9A-40F2-BB9E-CDD5E5537F52}"
EndProject
Project("{2150E333-8FDC-42A3-9474-1A3956D46DE8}") = "Chapter-03", "Chapter-03", "{5BE0FA8C-0740-4E7A-839D-DE04D6F218CA}"
EndProject
Project("{9A19103F-16F7-4668-BE54-9A1E7A4F7556}") = "BitwiseAndShiftOperators", "BitwiseAndShiftOperators\BitwiseAndShiftOperators.csproj", "{4574DE75-0596-4997-B3FD-B47B59A605B0}"
EndProject
Project("{9A19103F-16F7-4668-BE54-9A1E7A4F7556}") = "SelectionStatements", "Chapter-03\SelectionStatements\SelectionStatements.csproj", "{1DE13242-1499-4CFD-BA8D-C31998C8B75F}"
EndProject
Project("{9A19103F-16F7-4668-BE54-9A1E7A4F7556}") = "Exceptions", "Chapter-04\Exceptions\Exceptions.csproj", "{C70BEB08-E12D-4E04-AFDC-2B8484CDB12F}"
EndProject
Project("{2150E333-8FDC-42A3-9474-1A3956D46DE8}") = "Chapter-04", "Chapter-04", "{636C467D-B49E-47CF-B903-D7A46C10D8BA}"
EndProject
Project("{9A19103F-16F7-4668-BE54-9A1E7A4F7556}") = "WritingFunctions", "Chapter-04\WritingFunctions\WritingFunctions.csproj", "{753C4547-CAF7-48DF-A9E8-0400698B80F9}"
EndProject
Project("{9A19103F-16F7-4668-BE54-9A1E7A4F7556}") = "FibImperative", "Chapter-04\FibImperative\FibImperative.csproj", "{017085F1-E90E-4068-A31C-1B2931763BAF}"
EndProject
Project("{9A19103F-16F7-4668-BE54-9A1E7A4F7556}") = "FibFunctional", "Chapter-04\FibFunctional\FibFunctional.csproj", "{02BFBBFB-FC10-4FB0-9805-6BECD08F185A}"
EndProject
Project("{9A19103F-16F7-4668-BE54-9A1E7A4F7556}") = "Instrumenting", "Chapter-04\Instrumenting\Instrumenting.csproj", "{A463828A-8344-4FAD-8AFF-DDB442330F97}"
EndProject
Project("{9A19103F-16F7-4668-BE54-9A1E7A4F7556}") = "CalculatorLib", "Chapter-04\CalculatorLib\CalculatorLib.csproj", "{3D4A9005-99A7-472B-8EBA-263F0EF4B8BA}"
EndProject
Project("{9A19103F-16F7-4668-BE54-9A1E7A4F7556}") = "CalculatorLibUnitTests", "Chapter-04\CalculatorLibUnitTests\CalculatorLibUnitTests.csproj", "{A7BAD504-0825-4A0F-A1A6-268A445C3086}"
EndProject
Global
	GlobalSection(SolutionConfigurationPlatforms) = preSolution
		Debug|Any CPU = Debug|Any CPU
		Release|Any CPU = Release|Any CPU
	EndGlobalSection
	GlobalSection(ProjectConfigurationPlatforms) = postSolution
		{F4CB5317-3D31-4F28-AA3D-007830402937}.Debug|Any CPU.ActiveCfg = Debug|Any CPU
		{F4CB5317-3D31-4F28-AA3D-007830402937}.Debug|Any CPU.Build.0 = Debug|Any CPU
		{F4CB5317-3D31-4F28-AA3D-007830402937}.Release|Any CPU.ActiveCfg = Release|Any CPU
		{F4CB5317-3D31-4F28-AA3D-007830402937}.Release|Any CPU.Build.0 = Release|Any CPU
		{18AE7D34-6193-438A-A00D-2CBD5BD66DA1}.Debug|Any CPU.ActiveCfg = Debug|Any CPU
		{18AE7D34-6193-438A-A00D-2CBD5BD66DA1}.Debug|Any CPU.Build.0 = Debug|Any CPU
		{18AE7D34-6193-438A-A00D-2CBD5BD66DA1}.Release|Any CPU.ActiveCfg = Release|Any CPU
		{18AE7D34-6193-438A-A00D-2CBD5BD66DA1}.Release|Any CPU.Build.0 = Release|Any CPU
		{1A2F271C-EB0E-490F-8254-6C7F6E5C927F}.Debug|Any CPU.ActiveCfg = Debug|Any CPU
		{1A2F271C-EB0E-490F-8254-6C7F6E5C927F}.Debug|Any CPU.Build.0 = Debug|Any CPU
		{1A2F271C-EB0E-490F-8254-6C7F6E5C927F}.Release|Any CPU.ActiveCfg = Release|Any CPU
		{1A2F271C-EB0E-490F-8254-6C7F6E5C927F}.Release|Any CPU.Build.0 = Release|Any CPU
		{A3063083-D260-4D2B-B597-61D5D2C05AFE}.Debug|Any CPU.ActiveCfg = Debug|Any CPU
		{A3063083-D260-4D2B-B597-61D5D2C05AFE}.Debug|Any CPU.Build.0 = Debug|Any CPU
		{A3063083-D260-4D2B-B597-61D5D2C05AFE}.Release|Any CPU.ActiveCfg = Release|Any CPU
		{A3063083-D260-4D2B-B597-61D5D2C05AFE}.Release|Any CPU.Build.0 = Release|Any CPU
		{1CA7F166-E109-4DFC-89A2-A683533190FD}.Debug|Any CPU.ActiveCfg = Debug|Any CPU
		{1CA7F166-E109-4DFC-89A2-A683533190FD}.Debug|Any CPU.Build.0 = Debug|Any CPU
		{1CA7F166-E109-4DFC-89A2-A683533190FD}.Release|Any CPU.ActiveCfg = Release|Any CPU
		{1CA7F166-E109-4DFC-89A2-A683533190FD}.Release|Any CPU.Build.0 = Release|Any CPU
		{4F42E434-13D9-4754-8395-5ABE8803DFD2}.Debug|Any CPU.ActiveCfg = Debug|Any CPU
		{4F42E434-13D9-4754-8395-5ABE8803DFD2}.Debug|Any CPU.Build.0 = Debug|Any CPU
		{4F42E434-13D9-4754-8395-5ABE8803DFD2}.Release|Any CPU.ActiveCfg = Release|Any CPU
		{4F42E434-13D9-4754-8395-5ABE8803DFD2}.Release|Any CPU.Build.0 = Release|Any CPU
		{D67AA86F-3A5F-48A8-86E5-8C656A50F09F}.Debug|Any CPU.ActiveCfg = Debug|Any CPU
		{D67AA86F-3A5F-48A8-86E5-8C656A50F09F}.Debug|Any CPU.Build.0 = Debug|Any CPU
		{D67AA86F-3A5F-48A8-86E5-8C656A50F09F}.Release|Any CPU.ActiveCfg = Release|Any CPU
		{D67AA86F-3A5F-48A8-86E5-8C656A50F09F}.Release|Any CPU.Build.0 = Release|Any CPU
		{7022C617-59DC-4168-ADD0-361223E57660}.Debug|Any CPU.ActiveCfg = Debug|Any CPU
		{7022C617-59DC-4168-ADD0-361223E57660}.Debug|Any CPU.Build.0 = Debug|Any CPU
		{7022C617-59DC-4168-ADD0-361223E57660}.Release|Any CPU.ActiveCfg = Release|Any CPU
		{7022C617-59DC-4168-ADD0-361223E57660}.Release|Any CPU.Build.0 = Release|Any CPU
		{FBC734A4-C520-4F32-9E8F-6FF76D0E721E}.Debug|Any CPU.ActiveCfg = Debug|Any CPU
		{FBC734A4-C520-4F32-9E8F-6FF76D0E721E}.Debug|Any CPU.Build.0 = Debug|Any CPU
		{FBC734A4-C520-4F32-9E8F-6FF76D0E721E}.Release|Any CPU.ActiveCfg = Release|Any CPU
		{FBC734A4-C520-4F32-9E8F-6FF76D0E721E}.Release|Any CPU.Build.0 = Release|Any CPU
		{B20448DD-AD9A-40F2-BB9E-CDD5E5537F52}.Debug|Any CPU.ActiveCfg = Debug|Any CPU
		{B20448DD-AD9A-40F2-BB9E-CDD5E5537F52}.Debug|Any CPU.Build.0 = Debug|Any CPU
		{B20448DD-AD9A-40F2-BB9E-CDD5E5537F52}.Release|Any CPU.ActiveCfg = Release|Any CPU
		{B20448DD-AD9A-40F2-BB9E-CDD5E5537F52}.Release|Any CPU.Build.0 = Release|Any CPU
		{4574DE75-0596-4997-B3FD-B47B59A605B0}.Debug|Any CPU.ActiveCfg = Debug|Any CPU
		{4574DE75-0596-4997-B3FD-B47B59A605B0}.Debug|Any CPU.Build.0 = Debug|Any CPU
		{4574DE75-0596-4997-B3FD-B47B59A605B0}.Release|Any CPU.ActiveCfg = Release|Any CPU
		{4574DE75-0596-4997-B3FD-B47B59A605B0}.Release|Any CPU.Build.0 = Release|Any CPU
		{1DE13242-1499-4CFD-BA8D-C31998C8B75F}.Debug|Any CPU.ActiveCfg = Debug|Any CPU
		{1DE13242-1499-4CFD-BA8D-C31998C8B75F}.Debug|Any CPU.Build.0 = Debug|Any CPU
		{1DE13242-1499-4CFD-BA8D-C31998C8B75F}.Release|Any CPU.ActiveCfg = Release|Any CPU
		{1DE13242-1499-4CFD-BA8D-C31998C8B75F}.Release|Any CPU.Build.0 = Release|Any CPU
		{C70BEB08-E12D-4E04-AFDC-2B8484CDB12F}.Debug|Any CPU.ActiveCfg = Debug|Any CPU
		{C70BEB08-E12D-4E04-AFDC-2B8484CDB12F}.Debug|Any CPU.Build.0 = Debug|Any CPU
		{C70BEB08-E12D-4E04-AFDC-2B8484CDB12F}.Release|Any CPU.ActiveCfg = Release|Any CPU
		{C70BEB08-E12D-4E04-AFDC-2B8484CDB12F}.Release|Any CPU.Build.0 = Release|Any CPU
		{753C4547-CAF7-48DF-A9E8-0400698B80F9}.Debug|Any CPU.ActiveCfg = Debug|Any CPU
		{753C4547-CAF7-48DF-A9E8-0400698B80F9}.Debug|Any CPU.Build.0 = Debug|Any CPU
		{753C4547-CAF7-48DF-A9E8-0400698B80F9}.Release|Any CPU.ActiveCfg = Release|Any CPU
		{753C4547-CAF7-48DF-A9E8-0400698B80F9}.Release|Any CPU.Build.0 = Release|Any CPU
		{017085F1-E90E-4068-A31C-1B2931763BAF}.Debug|Any CPU.ActiveCfg = Debug|Any CPU
		{017085F1-E90E-4068-A31C-1B2931763BAF}.Debug|Any CPU.Build.0 = Debug|Any CPU
		{017085F1-E90E-4068-A31C-1B2931763BAF}.Release|Any CPU.ActiveCfg = Release|Any CPU
		{017085F1-E90E-4068-A31C-1B2931763BAF}.Release|Any CPU.Build.0 = Release|Any CPU
		{02BFBBFB-FC10-4FB0-9805-6BECD08F185A}.Debug|Any CPU.ActiveCfg = Debug|Any CPU
		{02BFBBFB-FC10-4FB0-9805-6BECD08F185A}.Debug|Any CPU.Build.0 = Debug|Any CPU
		{02BFBBFB-FC10-4FB0-9805-6BECD08F185A}.Release|Any CPU.ActiveCfg = Release|Any CPU
		{02BFBBFB-FC10-4FB0-9805-6BECD08F185A}.Release|Any CPU.Build.0 = Release|Any CPU
		{A463828A-8344-4FAD-8AFF-DDB442330F97}.Debug|Any CPU.ActiveCfg = Debug|Any CPU
		{A463828A-8344-4FAD-8AFF-DDB442330F97}.Debug|Any CPU.Build.0 = Debug|Any CPU
		{A463828A-8344-4FAD-8AFF-DDB442330F97}.Release|Any CPU.ActiveCfg = Release|Any CPU
		{A463828A-8344-4FAD-8AFF-DDB442330F97}.Release|Any CPU.Build.0 = Release|Any CPU
		{3D4A9005-99A7-472B-8EBA-263F0EF4B8BA}.Debug|Any CPU.ActiveCfg = Debug|Any CPU
		{3D4A9005-99A7-472B-8EBA-263F0EF4B8BA}.Debug|Any CPU.Build.0 = Debug|Any CPU
		{3D4A9005-99A7-472B-8EBA-263F0EF4B8BA}.Release|Any CPU.ActiveCfg = Release|Any CPU
		{3D4A9005-99A7-472B-8EBA-263F0EF4B8BA}.Release|Any CPU.Build.0 = Release|Any CPU
		{A7BAD504-0825-4A0F-A1A6-268A445C3086}.Debug|Any CPU.ActiveCfg = Debug|Any CPU
		{A7BAD504-0825-4A0F-A1A6-268A445C3086}.Debug|Any CPU.Build.0 = Debug|Any CPU
		{A7BAD504-0825-4A0F-A1A6-268A445C3086}.Release|Any CPU.ActiveCfg = Release|Any CPU
		{A7BAD504-0825-4A0F-A1A6-268A445C3086}.Release|Any CPU.Build.0 = Release|Any CPU
	EndGlobalSection
	GlobalSection(SolutionProperties) = preSolution
		HideSolutionNode = FALSE
	EndGlobalSection
	GlobalSection(NestedProjects) = preSolution
		{F4CB5317-3D31-4F28-AA3D-007830402937} = {D1535E8E-5D5A-412E-A193-0F91612B9552}
		{18AE7D34-6193-438A-A00D-2CBD5BD66DA1} = {D1535E8E-5D5A-412E-A193-0F91612B9552}
		{1A2F271C-EB0E-490F-8254-6C7F6E5C927F} = {9C2CFC81-C0F1-4D82-8958-086B33FC6B57}
		{A3063083-D260-4D2B-B597-61D5D2C05AFE} = {9C2CFC81-C0F1-4D82-8958-086B33FC6B57}
		{1CA7F166-E109-4DFC-89A2-A683533190FD} = {9C2CFC81-C0F1-4D82-8958-086B33FC6B57}
		{4F42E434-13D9-4754-8395-5ABE8803DFD2} = {9C2CFC81-C0F1-4D82-8958-086B33FC6B57}
		{D67AA86F-3A5F-48A8-86E5-8C656A50F09F} = {9C2CFC81-C0F1-4D82-8958-086B33FC6B57}
		{7022C617-59DC-4168-ADD0-361223E57660} = {9C2CFC81-C0F1-4D82-8958-086B33FC6B57}
		{FBC734A4-C520-4F32-9E8F-6FF76D0E721E} = {9C2CFC81-C0F1-4D82-8958-086B33FC6B57}
		{B20448DD-AD9A-40F2-BB9E-CDD5E5537F52} = {F2A011CB-524B-4B42-8278-200799938859}
		{4574DE75-0596-4997-B3FD-B47B59A605B0} = {5BE0FA8C-0740-4E7A-839D-DE04D6F218CA}
		{1DE13242-1499-4CFD-BA8D-C31998C8B75F} = {5BE0FA8C-0740-4E7A-839D-DE04D6F218CA}
		{C70BEB08-E12D-4E04-AFDC-2B8484CDB12F} = {5BE0FA8C-0740-4E7A-839D-DE04D6F218CA}
		{753C4547-CAF7-48DF-A9E8-0400698B80F9} = {636C467D-B49E-47CF-B903-D7A46C10D8BA}
		{017085F1-E90E-4068-A31C-1B2931763BAF} = {636C467D-B49E-47CF-B903-D7A46C10D8BA}
		{02BFBBFB-FC10-4FB0-9805-6BECD08F185A} = {636C467D-B49E-47CF-B903-D7A46C10D8BA}
		{A463828A-8344-4FAD-8AFF-DDB442330F97} = {636C467D-B49E-47CF-B903-D7A46C10D8BA}
		{3D4A9005-99A7-472B-8EBA-263F0EF4B8BA} = {636C467D-B49E-47CF-B903-D7A46C10D8BA}
		{A7BAD504-0825-4A0F-A1A6-268A445C3086} = {636C467D-B49E-47CF-B903-D7A46C10D8BA}
	EndGlobalSection
	GlobalSection(ExtensibilityGlobals) = postSolution
		SolutionGuid = {7FB0E61B-D02F-4B81-8F48-8A8F11B04F1D}
	EndGlobalSection
EndGlobal
